
Microsoft Visual Studio Solution File, Format Version 12.00
# Visual Studio Version 17
VisualStudioVersion = 17.0.31903.59
MinimumVisualStudioVersion = 10.0.40219.1
Project("{FAE04EC0-301F-11D3-BF4B-00C04F79EFBC}") = "HelloWorld", "HelloWorld\HelloWorld.csproj", "{54E47CCF-BF14-4D74-89E9-76065CEB199C}"
EndProject
Project("{FAE04EC0-301F-11D3-BF4B-00C04F79EFBC}") = "LogicalDecision", "LogicalDecision\LogicalDecision.csproj", "{43A3C0B3-1C4F-4A7B-83C3-20565DD31F1A}"
EndProject
Project("{FAE04EC0-301F-11D3-BF4B-00C04F79EFBC}") = "ScopeAndVariables", "ScopeAndVariables\ScopeAndVariables.csproj", "{F0E623BC-A58D-4DB5-9652-8E1C6B73E728}"
EndProject
Project("{FAE04EC0-301F-11D3-BF4B-00C04F79EFBC}") = "SwitchAndCase", "SwitchAndCase\SwitchAndCase.csproj", "{1EC90DFD-25E2-44F0-91CA-B28AE7FA1290}"
EndProject
Project("{FAE04EC0-301F-11D3-BF4B-00C04F79EFBC}") = "Loop", "Loop\Loop.csproj", "{5221E683-D9CC-4989-AC7D-AFF6D1DB1F6E}"
EndProject
Project("{FAE04EC0-301F-11D3-BF4B-00C04F79EFBC}") = "FizzBuzz", "FizzBuzz\FizzBuzz.csproj", "{1B4B734F-9C18-4B28-8DF9-57B3824BB478}"
EndProject
Project("{FAE04EC0-301F-11D3-BF4B-00C04F79EFBC}") = "DoWhile", "DoWhile\DoWhile.csproj", "{DFD15FA4-A217-4F0E-A243-F2B54D55B5B4}"
EndProject
Project("{FAE04EC0-301F-11D3-BF4B-00C04F79EFBC}") = "Game", "Game\Game.csproj", "{41DC6F52-3CEA-4616-9776-90760A4D616A}"
EndProject
Project("{FAE04EC0-301F-11D3-BF4B-00C04F79EFBC}") = "IO", "IO\IO.csproj", "{25A8A021-A68A-4FC1-B492-201B2E02D2EC}"
EndProject
Project("{FAE04EC0-301F-11D3-BF4B-00C04F79EFBC}") = "DataType", "DataType\DataType.csproj", "{BDE12F9D-FCFF-4588-944B-B28E525FD078}"
EndProject
Project("{FAE04EC0-301F-11D3-BF4B-00C04F79EFBC}") = "CR-parametry", "CR-parametry\CR-parametry.csproj", "{A43920D4-D8B3-412F-B6A9-3B5B8DAECD89}"
EndProject
Project("{FAE04EC0-301F-11D3-BF4B-00C04F79EFBC}") = "CR-rownanie-kwadratowe", "CR-rownanie-kwadratowe\CR-rownanie-kwadratowe.csproj", "{9D953107-D6E4-421B-9DFC-893CB8AE5E6C}"
EndProject
Project("{FAE04EC0-301F-11D3-BF4B-00C04F79EFBC}") = "cr-petle", "cr-petle\cr-petle.csproj", "{69801C6B-9FE0-4F18-86EE-D2D2DEA0A0B4}"
EndProject
Project("{FAE04EC0-301F-11D3-BF4B-00C04F79EFBC}") = "array", "array\array.csproj", "{EA13C3B2-3ABF-4672-81C2-71ECD4C65BE9}"
EndProject
Project("{FAE04EC0-301F-11D3-BF4B-00C04F79EFBC}") = "array-operation", "array-operation\array-operation.csproj", "{E8497DC1-6CD0-4FA4-A1DA-7566424747CB}"
EndProject
Project("{FAE04EC0-301F-11D3-BF4B-00C04F79EFBC}") = "IndexOf-Substring", "IndexOf-Substring\IndexOf-Substring.csproj", "{C7A0F047-274A-42AD-B98D-346351DBC32E}"
EndProject
Project("{FAE04EC0-301F-11D3-BF4B-00C04F79EFBC}") = "Guided-project-work-variable-data-c-sharp", "Guided-project-work-variable-data-c-sharp\Guided-project-work-variable-data-c-sharp.csproj", "{0C90DF7B-09F4-4EC4-9AC2-9476EAC0BC91}"
EndProject
Project("{FAE04EC0-301F-11D3-BF4B-00C04F79EFBC}") = "Challenge-project-work-variable-data-c-sharp", "Challenge-project-work-variable-data-c-sharp\Challenge-project-work-variable-data-c-sharp.csproj", "{B98FB54A-F2B3-4FDD-945E-059352732E51}"
EndProject
Project("{FAE04EC0-301F-11D3-BF4B-00C04F79EFBC}") = "Write-first-c-sharp-method", "Write-first-c-sharp-method\Write-first-c-sharp-method.csproj", "{80A758D7-ABB3-4576-9328-7C2C4C9586EF}"
EndProject
Project("{FAE04EC0-301F-11D3-BF4B-00C04F79EFBC}") = "Create-c-sharp-methods-parameters", "Create-c-sharp-methods-parameters\Create-c-sharp-methods-parameters.csproj", "{43F9A5F2-B277-41B5-A7B9-13F4FAA84ED8}"
EndProject
Project("{FAE04EC0-301F-11D3-BF4B-00C04F79EFBC}") = "Test-Debug", "Test-Debug\Test-Debug.csproj", "{B0606355-6CEB-4C33-A019-C150DF081A4C}"
EndProject
Project("{FAE04EC0-301F-11D3-BF4B-00C04F79EFBC}") = "Debuger", "Debuger\Debuger.csproj", "{5663BEBB-B08D-4FFE-BDAD-441A41246E77}"
EndProject
Project("{FAE04EC0-301F-11D3-BF4B-00C04F79EFBC}") = "Try-Catch-Finally", "Try-Catch-Finally\Try-Catch-Finally.csproj", "{73C6A985-E5D9-467A-BA94-62EA70C4B24D}"
EndProject
Project("{FAE04EC0-301F-11D3-BF4B-00C04F79EFBC}") = "Flow-Chart-with-goto", "Flow-Chart-with-goto\Flow-Chart-with-goto.csproj", "{826153E8-3060-4072-B37B-904D97174427}"
EndProject
Project("{FAE04EC0-301F-11D3-BF4B-00C04F79EFBC}") = "CR-Seria-zadan", "CR-Seria-zadan\CR-Seria-zadan.csproj", "{C1C99671-567D-468F-82D7-6F9E21BCADB7}"
EndProject
Project("{FAE04EC0-301F-11D3-BF4B-00C04F79EFBC}") = "CR-Objetosc-stozka", "CR-Objetosc-stozka\CR-Objetosc-stozka.csproj", "{789696B8-BBE9-47CA-9E08-CE3712273E69}"
EndProject
Project("{FAE04EC0-301F-11D3-BF4B-00C04F79EFBC}") = "CR-tablice-2d", "CR-tablice-2d\CR-tablice-2d.csproj", "{0A137C03-AD5C-4E8A-A75F-BF850A0139CB}"
EndProject
Project("{FAE04EC0-301F-11D3-BF4B-00C04F79EFBC}") = "CR-tablice-2D-2", "CR-tablice-2D-2\CR-tablice-2D-2.csproj", "{AA41188E-D419-4CAF-9F49-839CD7905B96}"
EndProject
Project("{FAE04EC0-301F-11D3-BF4B-00C04F79EFBC}") = "CR-Requriment-task", "CR-Requriment-task\CR-Requriment-task.csproj", "{333DC71C-0EC9-4A3F-8D8E-DB45E5380CC5}"
EndProject
Project("{FAE04EC0-301F-11D3-BF4B-00C04F79EFBC}") = "CR-tablice-2D-3", "CR-tablice-2D-3\CR-tablice-2D-3.csproj", "{A6F91C98-63FA-474F-AFCB-BFCBF205B97C}"
EndProject
Project("{FAE04EC0-301F-11D3-BF4B-00C04F79EFBC}") = "CR-Tablica-postrzępiona", "CR-Tablica-postrzępiona\CR-Tablica-postrzępiona.csproj", "{C940D451-0CAD-4490-954C-5CB6B766D5D2}"
EndProject
Global
	GlobalSection(SolutionConfigurationPlatforms) = preSolution
		Debug|Any CPU = Debug|Any CPU
		Release|Any CPU = Release|Any CPU
	EndGlobalSection
	GlobalSection(SolutionProperties) = preSolution
		HideSolutionNode = FALSE
	EndGlobalSection
	GlobalSection(ProjectConfigurationPlatforms) = postSolution
		{54E47CCF-BF14-4D74-89E9-76065CEB199C}.Debug|Any CPU.ActiveCfg = Debug|Any CPU
		{54E47CCF-BF14-4D74-89E9-76065CEB199C}.Debug|Any CPU.Build.0 = Debug|Any CPU
		{54E47CCF-BF14-4D74-89E9-76065CEB199C}.Release|Any CPU.ActiveCfg = Release|Any CPU
		{54E47CCF-BF14-4D74-89E9-76065CEB199C}.Release|Any CPU.Build.0 = Release|Any CPU
		{43A3C0B3-1C4F-4A7B-83C3-20565DD31F1A}.Debug|Any CPU.ActiveCfg = Debug|Any CPU
		{43A3C0B3-1C4F-4A7B-83C3-20565DD31F1A}.Debug|Any CPU.Build.0 = Debug|Any CPU
		{43A3C0B3-1C4F-4A7B-83C3-20565DD31F1A}.Release|Any CPU.ActiveCfg = Release|Any CPU
		{43A3C0B3-1C4F-4A7B-83C3-20565DD31F1A}.Release|Any CPU.Build.0 = Release|Any CPU
		{F0E623BC-A58D-4DB5-9652-8E1C6B73E728}.Debug|Any CPU.ActiveCfg = Debug|Any CPU
		{F0E623BC-A58D-4DB5-9652-8E1C6B73E728}.Debug|Any CPU.Build.0 = Debug|Any CPU
		{F0E623BC-A58D-4DB5-9652-8E1C6B73E728}.Release|Any CPU.ActiveCfg = Release|Any CPU
		{F0E623BC-A58D-4DB5-9652-8E1C6B73E728}.Release|Any CPU.Build.0 = Release|Any CPU
		{1EC90DFD-25E2-44F0-91CA-B28AE7FA1290}.Debug|Any CPU.ActiveCfg = Debug|Any CPU
		{1EC90DFD-25E2-44F0-91CA-B28AE7FA1290}.Debug|Any CPU.Build.0 = Debug|Any CPU
		{1EC90DFD-25E2-44F0-91CA-B28AE7FA1290}.Release|Any CPU.ActiveCfg = Release|Any CPU
		{1EC90DFD-25E2-44F0-91CA-B28AE7FA1290}.Release|Any CPU.Build.0 = Release|Any CPU
		{5221E683-D9CC-4989-AC7D-AFF6D1DB1F6E}.Debug|Any CPU.ActiveCfg = Debug|Any CPU
		{5221E683-D9CC-4989-AC7D-AFF6D1DB1F6E}.Debug|Any CPU.Build.0 = Debug|Any CPU
		{5221E683-D9CC-4989-AC7D-AFF6D1DB1F6E}.Release|Any CPU.ActiveCfg = Release|Any CPU
		{5221E683-D9CC-4989-AC7D-AFF6D1DB1F6E}.Release|Any CPU.Build.0 = Release|Any CPU
		{1B4B734F-9C18-4B28-8DF9-57B3824BB478}.Debug|Any CPU.ActiveCfg = Debug|Any CPU
		{1B4B734F-9C18-4B28-8DF9-57B3824BB478}.Debug|Any CPU.Build.0 = Debug|Any CPU
		{1B4B734F-9C18-4B28-8DF9-57B3824BB478}.Release|Any CPU.ActiveCfg = Release|Any CPU
		{1B4B734F-9C18-4B28-8DF9-57B3824BB478}.Release|Any CPU.Build.0 = Release|Any CPU
		{DFD15FA4-A217-4F0E-A243-F2B54D55B5B4}.Debug|Any CPU.ActiveCfg = Debug|Any CPU
		{DFD15FA4-A217-4F0E-A243-F2B54D55B5B4}.Debug|Any CPU.Build.0 = Debug|Any CPU
		{DFD15FA4-A217-4F0E-A243-F2B54D55B5B4}.Release|Any CPU.ActiveCfg = Release|Any CPU
		{DFD15FA4-A217-4F0E-A243-F2B54D55B5B4}.Release|Any CPU.Build.0 = Release|Any CPU
		{41DC6F52-3CEA-4616-9776-90760A4D616A}.Debug|Any CPU.ActiveCfg = Debug|Any CPU
		{41DC6F52-3CEA-4616-9776-90760A4D616A}.Debug|Any CPU.Build.0 = Debug|Any CPU
		{41DC6F52-3CEA-4616-9776-90760A4D616A}.Release|Any CPU.ActiveCfg = Release|Any CPU
		{41DC6F52-3CEA-4616-9776-90760A4D616A}.Release|Any CPU.Build.0 = Release|Any CPU
		{25A8A021-A68A-4FC1-B492-201B2E02D2EC}.Debug|Any CPU.ActiveCfg = Debug|Any CPU
		{25A8A021-A68A-4FC1-B492-201B2E02D2EC}.Debug|Any CPU.Build.0 = Debug|Any CPU
		{25A8A021-A68A-4FC1-B492-201B2E02D2EC}.Release|Any CPU.ActiveCfg = Release|Any CPU
		{25A8A021-A68A-4FC1-B492-201B2E02D2EC}.Release|Any CPU.Build.0 = Release|Any CPU
		{BDE12F9D-FCFF-4588-944B-B28E525FD078}.Debug|Any CPU.ActiveCfg = Debug|Any CPU
		{BDE12F9D-FCFF-4588-944B-B28E525FD078}.Debug|Any CPU.Build.0 = Debug|Any CPU
		{BDE12F9D-FCFF-4588-944B-B28E525FD078}.Release|Any CPU.ActiveCfg = Release|Any CPU
		{BDE12F9D-FCFF-4588-944B-B28E525FD078}.Release|Any CPU.Build.0 = Release|Any CPU
		{7AF97504-F847-4605-9AC3-FB2E2939488A}.Debug|Any CPU.ActiveCfg = Debug|Any CPU
		{7AF97504-F847-4605-9AC3-FB2E2939488A}.Debug|Any CPU.Build.0 = Debug|Any CPU
		{7AF97504-F847-4605-9AC3-FB2E2939488A}.Release|Any CPU.ActiveCfg = Release|Any CPU
		{7AF97504-F847-4605-9AC3-FB2E2939488A}.Release|Any CPU.Build.0 = Release|Any CPU
		{A43920D4-D8B3-412F-B6A9-3B5B8DAECD89}.Debug|Any CPU.ActiveCfg = Debug|Any CPU
		{A43920D4-D8B3-412F-B6A9-3B5B8DAECD89}.Debug|Any CPU.Build.0 = Debug|Any CPU
		{A43920D4-D8B3-412F-B6A9-3B5B8DAECD89}.Release|Any CPU.ActiveCfg = Release|Any CPU
		{A43920D4-D8B3-412F-B6A9-3B5B8DAECD89}.Release|Any CPU.Build.0 = Release|Any CPU
		{9D953107-D6E4-421B-9DFC-893CB8AE5E6C}.Debug|Any CPU.ActiveCfg = Debug|Any CPU
		{9D953107-D6E4-421B-9DFC-893CB8AE5E6C}.Debug|Any CPU.Build.0 = Debug|Any CPU
		{9D953107-D6E4-421B-9DFC-893CB8AE5E6C}.Release|Any CPU.ActiveCfg = Release|Any CPU
		{9D953107-D6E4-421B-9DFC-893CB8AE5E6C}.Release|Any CPU.Build.0 = Release|Any CPU
		{69801C6B-9FE0-4F18-86EE-D2D2DEA0A0B4}.Debug|Any CPU.ActiveCfg = Debug|Any CPU
		{69801C6B-9FE0-4F18-86EE-D2D2DEA0A0B4}.Debug|Any CPU.Build.0 = Debug|Any CPU
		{69801C6B-9FE0-4F18-86EE-D2D2DEA0A0B4}.Release|Any CPU.ActiveCfg = Release|Any CPU
		{69801C6B-9FE0-4F18-86EE-D2D2DEA0A0B4}.Release|Any CPU.Build.0 = Release|Any CPU
		{EA13C3B2-3ABF-4672-81C2-71ECD4C65BE9}.Debug|Any CPU.ActiveCfg = Debug|Any CPU
		{EA13C3B2-3ABF-4672-81C2-71ECD4C65BE9}.Debug|Any CPU.Build.0 = Debug|Any CPU
		{EA13C3B2-3ABF-4672-81C2-71ECD4C65BE9}.Release|Any CPU.ActiveCfg = Release|Any CPU
		{EA13C3B2-3ABF-4672-81C2-71ECD4C65BE9}.Release|Any CPU.Build.0 = Release|Any CPU
		{E8497DC1-6CD0-4FA4-A1DA-7566424747CB}.Debug|Any CPU.ActiveCfg = Debug|Any CPU
		{E8497DC1-6CD0-4FA4-A1DA-7566424747CB}.Debug|Any CPU.Build.0 = Debug|Any CPU
		{E8497DC1-6CD0-4FA4-A1DA-7566424747CB}.Release|Any CPU.ActiveCfg = Release|Any CPU
		{E8497DC1-6CD0-4FA4-A1DA-7566424747CB}.Release|Any CPU.Build.0 = Release|Any CPU
		{C7A0F047-274A-42AD-B98D-346351DBC32E}.Debug|Any CPU.ActiveCfg = Debug|Any CPU
		{C7A0F047-274A-42AD-B98D-346351DBC32E}.Debug|Any CPU.Build.0 = Debug|Any CPU
		{C7A0F047-274A-42AD-B98D-346351DBC32E}.Release|Any CPU.ActiveCfg = Release|Any CPU
		{C7A0F047-274A-42AD-B98D-346351DBC32E}.Release|Any CPU.Build.0 = Release|Any CPU
		{0C90DF7B-09F4-4EC4-9AC2-9476EAC0BC91}.Debug|Any CPU.ActiveCfg = Debug|Any CPU
		{0C90DF7B-09F4-4EC4-9AC2-9476EAC0BC91}.Debug|Any CPU.Build.0 = Debug|Any CPU
		{0C90DF7B-09F4-4EC4-9AC2-9476EAC0BC91}.Release|Any CPU.ActiveCfg = Release|Any CPU
		{0C90DF7B-09F4-4EC4-9AC2-9476EAC0BC91}.Release|Any CPU.Build.0 = Release|Any CPU
		{B98FB54A-F2B3-4FDD-945E-059352732E51}.Debug|Any CPU.ActiveCfg = Debug|Any CPU
		{B98FB54A-F2B3-4FDD-945E-059352732E51}.Debug|Any CPU.Build.0 = Debug|Any CPU
		{B98FB54A-F2B3-4FDD-945E-059352732E51}.Release|Any CPU.ActiveCfg = Release|Any CPU
		{B98FB54A-F2B3-4FDD-945E-059352732E51}.Release|Any CPU.Build.0 = Release|Any CPU
		{80A758D7-ABB3-4576-9328-7C2C4C9586EF}.Debug|Any CPU.ActiveCfg = Debug|Any CPU
		{80A758D7-ABB3-4576-9328-7C2C4C9586EF}.Debug|Any CPU.Build.0 = Debug|Any CPU
		{80A758D7-ABB3-4576-9328-7C2C4C9586EF}.Release|Any CPU.ActiveCfg = Release|Any CPU
		{80A758D7-ABB3-4576-9328-7C2C4C9586EF}.Release|Any CPU.Build.0 = Release|Any CPU
		{43F9A5F2-B277-41B5-A7B9-13F4FAA84ED8}.Debug|Any CPU.ActiveCfg = Debug|Any CPU
		{43F9A5F2-B277-41B5-A7B9-13F4FAA84ED8}.Debug|Any CPU.Build.0 = Debug|Any CPU
		{43F9A5F2-B277-41B5-A7B9-13F4FAA84ED8}.Release|Any CPU.ActiveCfg = Release|Any CPU
		{43F9A5F2-B277-41B5-A7B9-13F4FAA84ED8}.Release|Any CPU.Build.0 = Release|Any CPU
		{B0606355-6CEB-4C33-A019-C150DF081A4C}.Debug|Any CPU.ActiveCfg = Debug|Any CPU
		{B0606355-6CEB-4C33-A019-C150DF081A4C}.Debug|Any CPU.Build.0 = Debug|Any CPU
		{B0606355-6CEB-4C33-A019-C150DF081A4C}.Release|Any CPU.ActiveCfg = Release|Any CPU
		{B0606355-6CEB-4C33-A019-C150DF081A4C}.Release|Any CPU.Build.0 = Release|Any CPU
		{5663BEBB-B08D-4FFE-BDAD-441A41246E77}.Debug|Any CPU.ActiveCfg = Debug|Any CPU
		{5663BEBB-B08D-4FFE-BDAD-441A41246E77}.Debug|Any CPU.Build.0 = Debug|Any CPU
		{5663BEBB-B08D-4FFE-BDAD-441A41246E77}.Release|Any CPU.ActiveCfg = Release|Any CPU
		{5663BEBB-B08D-4FFE-BDAD-441A41246E77}.Release|Any CPU.Build.0 = Release|Any CPU
		{73C6A985-E5D9-467A-BA94-62EA70C4B24D}.Debug|Any CPU.ActiveCfg = Debug|Any CPU
		{73C6A985-E5D9-467A-BA94-62EA70C4B24D}.Debug|Any CPU.Build.0 = Debug|Any CPU
		{73C6A985-E5D9-467A-BA94-62EA70C4B24D}.Release|Any CPU.ActiveCfg = Release|Any CPU
		{73C6A985-E5D9-467A-BA94-62EA70C4B24D}.Release|Any CPU.Build.0 = Release|Any CPU
		{826153E8-3060-4072-B37B-904D97174427}.Debug|Any CPU.ActiveCfg = Debug|Any CPU
		{826153E8-3060-4072-B37B-904D97174427}.Debug|Any CPU.Build.0 = Debug|Any CPU
		{826153E8-3060-4072-B37B-904D97174427}.Release|Any CPU.ActiveCfg = Release|Any CPU
		{826153E8-3060-4072-B37B-904D97174427}.Release|Any CPU.Build.0 = Release|Any CPU
		{C1C99671-567D-468F-82D7-6F9E21BCADB7}.Debug|Any CPU.ActiveCfg = Debug|Any CPU
		{C1C99671-567D-468F-82D7-6F9E21BCADB7}.Debug|Any CPU.Build.0 = Debug|Any CPU
		{C1C99671-567D-468F-82D7-6F9E21BCADB7}.Release|Any CPU.ActiveCfg = Release|Any CPU
		{C1C99671-567D-468F-82D7-6F9E21BCADB7}.Release|Any CPU.Build.0 = Release|Any CPU
		{F72AD9E2-3B52-4957-B4B9-C3FB104E1C3E}.Debug|Any CPU.ActiveCfg = Debug|Any CPU
		{F72AD9E2-3B52-4957-B4B9-C3FB104E1C3E}.Debug|Any CPU.Build.0 = Debug|Any CPU
		{F72AD9E2-3B52-4957-B4B9-C3FB104E1C3E}.Release|Any CPU.ActiveCfg = Release|Any CPU
		{F72AD9E2-3B52-4957-B4B9-C3FB104E1C3E}.Release|Any CPU.Build.0 = Release|Any CPU
		{789696B8-BBE9-47CA-9E08-CE3712273E69}.Debug|Any CPU.ActiveCfg = Debug|Any CPU
		{789696B8-BBE9-47CA-9E08-CE3712273E69}.Debug|Any CPU.Build.0 = Debug|Any CPU
		{789696B8-BBE9-47CA-9E08-CE3712273E69}.Release|Any CPU.ActiveCfg = Release|Any CPU
		{789696B8-BBE9-47CA-9E08-CE3712273E69}.Release|Any CPU.Build.0 = Release|Any CPU
		{0A137C03-AD5C-4E8A-A75F-BF850A0139CB}.Debug|Any CPU.ActiveCfg = Debug|Any CPU
		{0A137C03-AD5C-4E8A-A75F-BF850A0139CB}.Debug|Any CPU.Build.0 = Debug|Any CPU
		{0A137C03-AD5C-4E8A-A75F-BF850A0139CB}.Release|Any CPU.ActiveCfg = Release|Any CPU
		{0A137C03-AD5C-4E8A-A75F-BF850A0139CB}.Release|Any CPU.Build.0 = Release|Any CPU
		{AA41188E-D419-4CAF-9F49-839CD7905B96}.Debug|Any CPU.ActiveCfg = Debug|Any CPU
		{AA41188E-D419-4CAF-9F49-839CD7905B96}.Debug|Any CPU.Build.0 = Debug|Any CPU
		{AA41188E-D419-4CAF-9F49-839CD7905B96}.Release|Any CPU.ActiveCfg = Release|Any CPU
		{AA41188E-D419-4CAF-9F49-839CD7905B96}.Release|Any CPU.Build.0 = Release|Any CPU
		{333DC71C-0EC9-4A3F-8D8E-DB45E5380CC5}.Debug|Any CPU.ActiveCfg = Debug|Any CPU
		{333DC71C-0EC9-4A3F-8D8E-DB45E5380CC5}.Debug|Any CPU.Build.0 = Debug|Any CPU
		{333DC71C-0EC9-4A3F-8D8E-DB45E5380CC5}.Release|Any CPU.ActiveCfg = Release|Any CPU
		{333DC71C-0EC9-4A3F-8D8E-DB45E5380CC5}.Release|Any CPU.Build.0 = Release|Any CPU
		{A6F91C98-63FA-474F-AFCB-BFCBF205B97C}.Debug|Any CPU.ActiveCfg = Debug|Any CPU
		{A6F91C98-63FA-474F-AFCB-BFCBF205B97C}.Debug|Any CPU.Build.0 = Debug|Any CPU
		{A6F91C98-63FA-474F-AFCB-BFCBF205B97C}.Release|Any CPU.ActiveCfg = Release|Any CPU
		{A6F91C98-63FA-474F-AFCB-BFCBF205B97C}.Release|Any CPU.Build.0 = Release|Any CPU
		{C940D451-0CAD-4490-954C-5CB6B766D5D2}.Debug|Any CPU.ActiveCfg = Debug|Any CPU
		{C940D451-0CAD-4490-954C-5CB6B766D5D2}.Debug|Any CPU.Build.0 = Debug|Any CPU
		{C940D451-0CAD-4490-954C-5CB6B766D5D2}.Release|Any CPU.ActiveCfg = Release|Any CPU
		{C940D451-0CAD-4490-954C-5CB6B766D5D2}.Release|Any CPU.Build.0 = Release|Any CPU
	EndGlobalSection
EndGlobal
