Microsoft Visual Studio Solution File, Format Version 12.00
# Visual Studio Version 17
VisualStudioVersion = 17.5.2.0
MinimumVisualStudioVersion = 10.0.40219.1
Project("{FAE04EC0-301F-11D3-BF4B-00C04F79EFBC}") = "FiguresLib", "FiguresLib\FiguresLib.csproj", "{EFF62F65-7571-4B7B-D647-688A6E6770A6}"
EndProject
Project("{FAE04EC0-301F-11D3-BF4B-00C04F79EFBC}") = "FiguresTestApp", "FiguresTestApp\FiguresTestApp.csproj", "{A2DFE831-6D29-6FFF-73C7-EE64E071C5A6}"
EndProject
Global
	GlobalSection(SolutionConfigurationPlatforms) = preSolution
		Debug|Any CPU = Debug|Any CPU
		Release|Any CPU = Release|Any CPU
	EndGlobalSection
	GlobalSection(ProjectConfigurationPlatforms) = postSolution
		{EFF62F65-7571-4B7B-D647-688A6E6770A6}.Debug|Any CPU.ActiveCfg = Debug|Any CPU
		{EFF62F65-7571-4B7B-D647-688A6E6770A6}.Debug|Any CPU.Build.0 = Debug|Any CPU
		{EFF62F65-7571-4B7B-D647-688A6E6770A6}.Release|Any CPU.ActiveCfg = Release|Any CPU
		{EFF62F65-7571-4B7B-D647-688A6E6770A6}.Release|Any CPU.Build.0 = Release|Any CPU
		{A2DFE831-6D29-6FFF-73C7-EE64E071C5A6}.Debug|Any CPU.ActiveCfg = Debug|Any CPU
		{A2DFE831-6D29-6FFF-73C7-EE64E071C5A6}.Debug|Any CPU.Build.0 = Debug|Any CPU
		{A2DFE831-6D29-6FFF-73C7-EE64E071C5A6}.Release|Any CPU.ActiveCfg = Release|Any CPU
		{A2DFE831-6D29-6FFF-73C7-EE64E071C5A6}.Release|Any CPU.Build.0 = Release|Any CPU
	EndGlobalSection
	GlobalSection(SolutionProperties) = preSolution
		HideSolutionNode = FALSE
	EndGlobalSection
	GlobalSection(ExtensibilityGlobals) = postSolution
		SolutionGuid = {68A335D7-D677-4FBE-AD7E-FADA9AAB23D2}
	EndGlobalSection
EndGlobal
